
Microsoft Visual Studio Solution File, Format Version 11.00
# Visual Studio 2010
Project("{FAE04EC0-301F-11D3-BF4B-00C04F79EFBC}") = "Assembly-CSharp", "Assembly-CSharp.csproj", "{7EF1C2FD-2446-8403-A513-D5A8C9A4ACAC}"
EndProject
Global
	GlobalSection(SolutionConfigurationPlatforms) = preSolution
		Debug|Any CPU = Debug|Any CPU
		Release|Any CPU = Release|Any CPU
	EndGlobalSection
	GlobalSection(ProjectConfigurationPlatforms) = postSolution
		{7EF1C2FD-2446-8403-A513-D5A8C9A4ACAC}.Debug|Any CPU.ActiveCfg = Debug|Any CPU
		{7EF1C2FD-2446-8403-A513-D5A8C9A4ACAC}.Debug|Any CPU.Build.0 = Debug|Any CPU
		{7EF1C2FD-2446-8403-A513-D5A8C9A4ACAC}.Release|Any CPU.ActiveCfg = Release|Any CPU
		{7EF1C2FD-2446-8403-A513-D5A8C9A4ACAC}.Release|Any CPU.Build.0 = Release|Any CPU
	EndGlobalSection
	GlobalSection(SolutionProperties) = preSolution
		HideSolutionNode = FALSE
	EndGlobalSection
	GlobalSection(MonoDevelopProperties) = preSolution
		StartupItem = Assembly-CSharp.csproj
	EndGlobalSection
EndGlobal
